<?xml version="1.0" encoding="utf-8"?>
<Project ToolsVersion="4.0" xmlns="http://schemas.microsoft.com/developer/msbuild/2003">
  <ItemGroup>
    <ClCompile Include="display_sleep_control.cpp" />
    <ClCompile Include="Input\dualsense_pad_handler.cpp" />
    <ClCompile Include="Input\evdev_gun_handler.cpp" />
    <ClCompile Include="Input\hid_pad_handler.cpp" />
    <ClCompile Include="Input\raw_mouse_handler.cpp" />
    <ClCompile Include="Input\sdl_pad_handler.cpp" />
    <ClCompile Include="Input\skateboard_pad_handler.cpp" />
    <ClCompile Include="main.cpp" />
    <ClCompile Include="main_application.cpp" />
    <ClCompile Include="Input\basic_keyboard_handler.cpp" />
    <ClCompile Include="Input\basic_mouse_handler.cpp" />
    <ClCompile Include="Input\ds3_pad_handler.cpp" />
    <ClCompile Include="Input\ds4_pad_handler.cpp" />
    <ClCompile Include="Input\evdev_joystick_handler.cpp" />
    <ClCompile Include="Input\keyboard_pad_handler.cpp" />
    <ClCompile Include="Input\mm_joystick_handler.cpp" />
    <ClCompile Include="Input\pad_thread.cpp" />
    <ClCompile Include="QTGeneratedFiles\Debug\moc_about_dialog.cpp" />
    <ClCompile Include="QTGeneratedFiles\Debug\moc_auto_pause_settings_dialog.cpp" />
    <ClCompile Include="QTGeneratedFiles\Debug\moc_breakpoint_list.cpp" />
    <ClCompile Include="QTGeneratedFiles\Debug\moc_call_stack_list.cpp" />
    <ClCompile Include="QTGeneratedFiles\Debug\moc_camera_settings_dialog.cpp" />
    <ClCompile Include="QTGeneratedFiles\Debug\moc_cg_disasm_window.cpp" />
    <ClCompile Include="QTGeneratedFiles\Debug\moc_cheat_manager.cpp" />
    <ClCompile Include="QTGeneratedFiles\Debug\moc_config_checker.cpp" />
    <ClCompile Include="QTGeneratedFiles\Debug\moc_custom_dialog.cpp" />
    <ClCompile Include="QTGeneratedFiles\Debug\moc_debugger_frame.cpp" />
    <ClCompile Include="QTGeneratedFiles\Debug\moc_debugger_list.cpp" />
    <ClCompile Include="QTGeneratedFiles\Debug\moc_downloader.cpp" />
    <ClCompile Include="QTGeneratedFiles\Debug\moc_elf_memory_dumping_dialog.cpp" />
    <ClCompile Include="QTGeneratedFiles\Debug\moc_emulated_pad_settings_dialog.cpp" />
    <ClCompile Include="QTGeneratedFiles\Debug\moc_emu_settings.cpp" />
    <ClCompile Include="QTGeneratedFiles\Debug\moc_fatal_error_dialog.cpp" />
    <ClCompile Include="QTGeneratedFiles\Debug\moc_find_dialog.cpp" />
    <ClCompile Include="QTGeneratedFiles\Debug\moc_flow_widget.cpp" />
    <ClCompile Include="QTGeneratedFiles\Debug\moc_flow_widget_item.cpp" />
    <ClCompile Include="QTGeneratedFiles\Debug\moc_game_compatibility.cpp" />
    <ClCompile Include="QTGeneratedFiles\Debug\moc_game_list.cpp" />
    <ClCompile Include="QTGeneratedFiles\Debug\moc_game_list_frame.cpp" />
    <ClCompile Include="QTGeneratedFiles\Debug\moc_game_list_grid.cpp" />
    <ClCompile Include="QTGeneratedFiles\Debug\moc_game_list_grid_item.cpp" />
    <ClCompile Include="QTGeneratedFiles\Debug\moc_game_list_table.cpp" />
    <ClCompile Include="QTGeneratedFiles\Debug\moc_gs_frame.cpp" />
    <ClCompile Include="QTGeneratedFiles\Debug\moc_gui_application.cpp" />
    <ClCompile Include="QTGeneratedFiles\Debug\moc_gui_settings.cpp" />
    <ClCompile Include="QTGeneratedFiles\Debug\moc_headless_application.cpp" />
    <ClCompile Include="QTGeneratedFiles\Debug\moc_infinity_dialog.cpp" />
    <ClCompile Include="QTGeneratedFiles\Debug\moc_input_dialog.cpp" />
    <ClCompile Include="QTGeneratedFiles\Debug\moc_instruction_editor_dialog.cpp" />
    <ClCompile Include="QTGeneratedFiles\Debug\moc_ipc_settings_dialog.cpp" />
    <ClCompile Include="QTGeneratedFiles\Debug\moc_kernel_explorer.cpp" />
    <ClCompile Include="QTGeneratedFiles\Debug\moc_localized.cpp" />
    <ClCompile Include="QTGeneratedFiles\Debug\moc_localized_emu.cpp" />
    <ClCompile Include="QTGeneratedFiles\Debug\moc_log_frame.cpp" />
    <ClCompile Include="QTGeneratedFiles\Debug\moc_log_viewer.cpp" />
    <ClCompile Include="QTGeneratedFiles\Debug\moc_main_window.cpp" />
    <ClCompile Include="QTGeneratedFiles\Debug\moc_memory_viewer_panel.cpp" />
    <ClCompile Include="QTGeneratedFiles\Debug\moc_microphone_creator.cpp" />
    <ClCompile Include="QTGeneratedFiles\Debug\moc_msg_dialog_frame.cpp" />
    <ClCompile Include="QTGeneratedFiles\Debug\moc_osk_dialog_frame.cpp" />
    <ClCompile Include="QTGeneratedFiles\Debug\moc_pad_led_settings_dialog.cpp" />
    <ClCompile Include="QTGeneratedFiles\Debug\moc_pad_motion_settings_dialog.cpp" />
    <ClCompile Include="QTGeneratedFiles\Debug\moc_pad_settings_dialog.cpp" />
    <ClCompile Include="QTGeneratedFiles\Debug\moc_patch_creator_dialog.cpp" />
    <ClCompile Include="QTGeneratedFiles\Debug\moc_patch_manager_dialog.cpp" />
    <ClCompile Include="QTGeneratedFiles\Debug\moc_persistent_settings.cpp" />
    <ClCompile Include="QTGeneratedFiles\Debug\moc_pkg_install_dialog.cpp" />
    <ClCompile Include="QTGeneratedFiles\Debug\moc_qt_camera_error_handler.cpp" />
    <ClCompile Include="QTGeneratedFiles\Debug\moc_qt_music_error_handler.cpp" />
    <ClCompile Include="QTGeneratedFiles\Debug\moc_recvmessage_dialog_frame.cpp" />
    <ClCompile Include="QTGeneratedFiles\Debug\moc_register_editor_dialog.cpp" />
    <ClCompile Include="QTGeneratedFiles\Debug\moc_render_creator.cpp" />
    <ClCompile Include="QTGeneratedFiles\Debug\moc_rpcn_settings_dialog.cpp" />
    <ClCompile Include="QTGeneratedFiles\Debug\moc_rsx_debugger.cpp" />
    <ClCompile Include="QTGeneratedFiles\Debug\moc_save_data_info_dialog.cpp" />
    <ClCompile Include="QTGeneratedFiles\Debug\moc_save_data_list_dialog.cpp" />
    <ClCompile Include="QTGeneratedFiles\Debug\moc_save_manager_dialog.cpp" />
    <ClCompile Include="QTGeneratedFiles\Debug\moc_screenshot_item.cpp" />
    <ClCompile Include="QTGeneratedFiles\Debug\moc_screenshot_manager_dialog.cpp" />
    <ClCompile Include="QTGeneratedFiles\Debug\moc_screenshot_preview.cpp" />
    <ClCompile Include="QTGeneratedFiles\Debug\moc_sendmessage_dialog_frame.cpp" />
    <ClCompile Include="QTGeneratedFiles\Debug\moc_settings.cpp" />
    <ClCompile Include="QTGeneratedFiles\Debug\moc_settings_dialog.cpp" />
    <ClCompile Include="QTGeneratedFiles\Debug\moc_shortcut_dialog.cpp" />
    <ClCompile Include="QTGeneratedFiles\Debug\moc_shortcut_handler.cpp" />
    <ClCompile Include="QTGeneratedFiles\Debug\moc_shortcut_settings.cpp" />
    <ClCompile Include="QTGeneratedFiles\Debug\moc_skylander_dialog.cpp" />
    <ClCompile Include="QTGeneratedFiles\Debug\moc_syntax_highlighter.cpp" />
    <ClCompile Include="QTGeneratedFiles\Debug\moc_system_cmd_dialog.cpp" />
    <ClCompile Include="QTGeneratedFiles\Debug\moc_tooltips.cpp" />
    <ClCompile Include="QTGeneratedFiles\Debug\moc_trophy_manager_dialog.cpp" />
    <ClCompile Include="QTGeneratedFiles\Debug\moc_trophy_notification_frame.cpp" />
    <ClCompile Include="QTGeneratedFiles\Debug\moc_update_manager.cpp" />
    <ClCompile Include="QTGeneratedFiles\Debug\moc_user_manager_dialog.cpp" />
    <ClCompile Include="QTGeneratedFiles\Debug\moc_vfs_dialog.cpp" />
    <ClCompile Include="QTGeneratedFiles\Debug\moc_vfs_dialog_path_widget.cpp" />
    <ClCompile Include="QTGeneratedFiles\Debug\moc_vfs_dialog_tab.cpp" />
    <ClCompile Include="QTGeneratedFiles\Debug\moc_vfs_dialog_usb_input.cpp" />
    <ClCompile Include="QTGeneratedFiles\Debug\moc_vfs_dialog_usb_tab.cpp" />
    <ClCompile Include="QTGeneratedFiles\Debug\moc_welcome_dialog.cpp" />
    <ClCompile Include="QTGeneratedFiles\qrc_resources.cpp" />
    <ClCompile Include="QTGeneratedFiles\qrc_windows.cpp" />
    <ClCompile Include="QTGeneratedFiles\Release\moc_about_dialog.cpp" />
    <ClCompile Include="QTGeneratedFiles\Release\moc_auto_pause_settings_dialog.cpp" />
    <ClCompile Include="QTGeneratedFiles\Release\moc_breakpoint_list.cpp" />
    <ClCompile Include="QTGeneratedFiles\Release\moc_call_stack_list.cpp" />
    <ClCompile Include="QTGeneratedFiles\Release\moc_camera_settings_dialog.cpp" />
    <ClCompile Include="QTGeneratedFiles\Release\moc_cg_disasm_window.cpp" />
    <ClCompile Include="QTGeneratedFiles\Release\moc_cheat_manager.cpp" />
    <ClCompile Include="QTGeneratedFiles\Release\moc_config_checker.cpp" />
    <ClCompile Include="QTGeneratedFiles\Release\moc_custom_dialog.cpp" />
    <ClCompile Include="QTGeneratedFiles\Release\moc_debugger_frame.cpp" />
    <ClCompile Include="QTGeneratedFiles\Release\moc_debugger_list.cpp" />
    <ClCompile Include="QTGeneratedFiles\Release\moc_downloader.cpp" />
    <ClCompile Include="QTGeneratedFiles\Release\moc_elf_memory_dumping_dialog.cpp" />
    <ClCompile Include="QTGeneratedFiles\Release\moc_emulated_pad_settings_dialog.cpp" />
    <ClCompile Include="QTGeneratedFiles\Release\moc_emu_settings.cpp" />
    <ClCompile Include="QTGeneratedFiles\Release\moc_fatal_error_dialog.cpp" />
    <ClCompile Include="QTGeneratedFiles\Release\moc_find_dialog.cpp" />
    <ClCompile Include="QTGeneratedFiles\Release\moc_flow_widget.cpp" />
    <ClCompile Include="QTGeneratedFiles\Release\moc_flow_widget_item.cpp" />
    <ClCompile Include="QTGeneratedFiles\Release\moc_game_compatibility.cpp" />
    <ClCompile Include="QTGeneratedFiles\Release\moc_game_list.cpp" />
    <ClCompile Include="QTGeneratedFiles\Release\moc_game_list_frame.cpp" />
    <ClCompile Include="QTGeneratedFiles\Release\moc_game_list_grid.cpp" />
    <ClCompile Include="QTGeneratedFiles\Release\moc_game_list_grid_item.cpp" />
    <ClCompile Include="QTGeneratedFiles\Release\moc_game_list_table.cpp" />
    <ClCompile Include="QTGeneratedFiles\Release\moc_gs_frame.cpp" />
    <ClCompile Include="QTGeneratedFiles\Release\moc_gui_application.cpp" />
    <ClCompile Include="QTGeneratedFiles\Release\moc_gui_settings.cpp" />
    <ClCompile Include="QTGeneratedFiles\Release\moc_headless_application.cpp" />
    <ClCompile Include="QTGeneratedFiles\Release\moc_infinity_dialog.cpp" />
    <ClCompile Include="QTGeneratedFiles\Release\moc_input_dialog.cpp" />
    <ClCompile Include="QTGeneratedFiles\Release\moc_instruction_editor_dialog.cpp" />
    <ClCompile Include="QTGeneratedFiles\Release\moc_ipc_settings_dialog.cpp" />
    <ClCompile Include="QTGeneratedFiles\Release\moc_kernel_explorer.cpp" />
    <ClCompile Include="QTGeneratedFiles\Release\moc_localized.cpp" />
    <ClCompile Include="QTGeneratedFiles\Release\moc_localized_emu.cpp" />
    <ClCompile Include="QTGeneratedFiles\Release\moc_log_frame.cpp" />
    <ClCompile Include="QTGeneratedFiles\Release\moc_log_viewer.cpp" />
    <ClCompile Include="QTGeneratedFiles\Release\moc_main_window.cpp" />
    <ClCompile Include="QTGeneratedFiles\Release\moc_memory_viewer_panel.cpp" />
    <ClCompile Include="QTGeneratedFiles\Release\moc_microphone_creator.cpp" />
    <ClCompile Include="QTGeneratedFiles\Release\moc_msg_dialog_frame.cpp" />
    <ClCompile Include="QTGeneratedFiles\Release\moc_osk_dialog_frame.cpp" />
    <ClCompile Include="QTGeneratedFiles\Release\moc_pad_led_settings_dialog.cpp" />
    <ClCompile Include="QTGeneratedFiles\Release\moc_pad_motion_settings_dialog.cpp" />
    <ClCompile Include="QTGeneratedFiles\Release\moc_pad_settings_dialog.cpp" />
    <ClCompile Include="QTGeneratedFiles\Release\moc_patch_creator_dialog.cpp" />
    <ClCompile Include="QTGeneratedFiles\Release\moc_patch_manager_dialog.cpp" />
    <ClCompile Include="QTGeneratedFiles\Release\moc_persistent_settings.cpp" />
    <ClCompile Include="QTGeneratedFiles\Release\moc_pkg_install_dialog.cpp" />
    <ClCompile Include="QTGeneratedFiles\Release\moc_qt_camera_error_handler.cpp" />
    <ClCompile Include="QTGeneratedFiles\Release\moc_qt_music_error_handler.cpp" />
    <ClCompile Include="QTGeneratedFiles\Release\moc_recvmessage_dialog_frame.cpp" />
    <ClCompile Include="QTGeneratedFiles\Release\moc_register_editor_dialog.cpp" />
    <ClCompile Include="QTGeneratedFiles\Release\moc_render_creator.cpp" />
    <ClCompile Include="QTGeneratedFiles\Release\moc_rpcn_settings_dialog.cpp" />
    <ClCompile Include="QTGeneratedFiles\Release\moc_rsx_debugger.cpp" />
    <ClCompile Include="QTGeneratedFiles\Release\moc_save_data_info_dialog.cpp" />
    <ClCompile Include="QTGeneratedFiles\Release\moc_save_data_list_dialog.cpp" />
    <ClCompile Include="QTGeneratedFiles\Release\moc_save_manager_dialog.cpp" />
    <ClCompile Include="QTGeneratedFiles\Release\moc_screenshot_item.cpp" />
    <ClCompile Include="QTGeneratedFiles\Release\moc_screenshot_manager_dialog.cpp" />
    <ClCompile Include="QTGeneratedFiles\Release\moc_screenshot_preview.cpp" />
    <ClCompile Include="QTGeneratedFiles\Release\moc_sendmessage_dialog_frame.cpp" />
    <ClCompile Include="QTGeneratedFiles\Release\moc_settings.cpp" />
    <ClCompile Include="QTGeneratedFiles\Release\moc_settings_dialog.cpp" />
    <ClCompile Include="QTGeneratedFiles\Release\moc_shortcut_dialog.cpp" />
    <ClCompile Include="QTGeneratedFiles\Release\moc_shortcut_handler.cpp" />
    <ClCompile Include="QTGeneratedFiles\Release\moc_shortcut_settings.cpp" />
    <ClCompile Include="QTGeneratedFiles\Release\moc_skylander_dialog.cpp" />
    <ClCompile Include="QTGeneratedFiles\Release\moc_syntax_highlighter.cpp" />
    <ClCompile Include="QTGeneratedFiles\Release\moc_system_cmd_dialog.cpp" />
    <ClCompile Include="QTGeneratedFiles\Release\moc_tooltips.cpp" />
    <ClCompile Include="QTGeneratedFiles\Release\moc_trophy_manager_dialog.cpp" />
    <ClCompile Include="QTGeneratedFiles\Release\moc_trophy_notification_frame.cpp" />
    <ClCompile Include="QTGeneratedFiles\Release\moc_update_manager.cpp" />
    <ClCompile Include="QTGeneratedFiles\Release\moc_user_manager_dialog.cpp" />
    <ClCompile Include="QTGeneratedFiles\Release\moc_vfs_dialog.cpp" />
    <ClCompile Include="QTGeneratedFiles\Release\moc_vfs_dialog_path_widget.cpp" />
    <ClCompile Include="QTGeneratedFiles\Release\moc_vfs_dialog_tab.cpp" />
    <ClCompile Include="QTGeneratedFiles\Release\moc_vfs_dialog_usb_input.cpp" />
    <ClCompile Include="QTGeneratedFiles\Release\moc_vfs_dialog_usb_tab.cpp" />
    <ClCompile Include="QTGeneratedFiles\Release\moc_welcome_dialog.cpp" />
    <ClCompile Include="rpcs3qt\about_dialog.cpp" />
    <ClCompile Include="rpcs3qt\breakpoint_handler.cpp" />
    <ClCompile Include="rpcs3qt\breakpoint_list.cpp" />
    <ClCompile Include="rpcs3qt\call_stack_list.cpp" />
    <ClCompile Include="rpcs3qt\camera_settings_dialog.cpp" />
    <ClCompile Include="rpcs3qt\cheat_manager.cpp" />
    <ClCompile Include="rpcs3qt\config_adapter.cpp" />
    <ClCompile Include="rpcs3qt\config_checker.cpp" />
    <ClCompile Include="rpcs3qt\curl_handle.cpp" />
    <ClCompile Include="rpcs3qt\custom_dialog.cpp" />
    <ClCompile Include="rpcs3qt\custom_table_widget_item.cpp" />
    <ClCompile Include="rpcs3qt\debugger_list.cpp" />
    <ClCompile Include="rpcs3qt\downloader.cpp" />
    <ClCompile Include="rpcs3qt\elf_memory_dumping_dialog.cpp" />
    <ClCompile Include="rpcs3qt\emulated_pad_settings_dialog.cpp" />
    <ClCompile Include="rpcs3qt\fatal_error_dialog.cpp" />
    <ClCompile Include="rpcs3qt\flow_layout.cpp" />
    <ClCompile Include="rpcs3qt\flow_widget.cpp" />
    <ClCompile Include="rpcs3qt\flow_widget_item.cpp" />
    <ClCompile Include="rpcs3qt\game_list.cpp" />
    <ClCompile Include="rpcs3qt\game_list_base.cpp" />
    <ClCompile Include="rpcs3qt\game_list_delegate.cpp" />
    <ClCompile Include="rpcs3qt\game_list_grid_item.cpp" />
    <ClCompile Include="rpcs3qt\game_list_table.cpp" />
    <ClCompile Include="rpcs3qt\gui_application.cpp" />
    <ClCompile Include="rpcs3qt\infinity_dialog.cpp" />
    <ClCompile Include="rpcs3qt\input_dialog.cpp" />
    <ClCompile Include="rpcs3qt\ipc_settings_dialog.cpp" />
    <ClCompile Include="rpcs3qt\localized.cpp" />
    <ClCompile Include="rpcs3qt\localized_emu.cpp" />
    <ClCompile Include="rpcs3qt\log_viewer.cpp" />
    <ClCompile Include="rpcs3qt\microphone_creator.cpp" />
    <ClCompile Include="rpcs3qt\midi_creator.cpp" />
    <ClCompile Include="rpcs3qt\movie_item.cpp" />
    <ClCompile Include="rpcs3qt\movie_item_base.cpp" />
    <ClCompile Include="rpcs3qt\osk_dialog_frame.cpp" />
    <ClCompile Include="rpcs3qt\pad_led_settings_dialog.cpp" />
    <ClCompile Include="rpcs3qt\pad_motion_settings_dialog.cpp" />
    <ClCompile Include="rpcs3qt\patch_creator_dialog.cpp" />
    <ClCompile Include="rpcs3qt\patch_manager_dialog.cpp" />
    <ClCompile Include="rpcs3qt\pkg_install_dialog.cpp" />
    <ClCompile Include="rpcs3qt\persistent_settings.cpp" />
    <ClCompile Include="rpcs3qt\progress_indicator.cpp" />
    <ClCompile Include="rpcs3qt\qt_camera_error_handler.cpp" />
    <ClCompile Include="rpcs3qt\qt_camera_handler.cpp" />
    <ClCompile Include="rpcs3qt\qt_music_error_handler.cpp" />
    <ClCompile Include="rpcs3qt\qt_music_handler.cpp" />
    <ClCompile Include="rpcs3qt\recvmessage_dialog_frame.cpp" />
    <ClCompile Include="rpcs3qt\render_creator.cpp" />
    <ClCompile Include="rpcs3qt\rpcn_settings_dialog.cpp" />
    <ClCompile Include="rpcs3qt\screenshot_item.cpp" />
    <ClCompile Include="rpcs3qt\screenshot_manager_dialog.cpp" />
    <ClCompile Include="rpcs3qt\screenshot_preview.cpp" />
    <ClCompile Include="rpcs3qt\sendmessage_dialog_frame.cpp" />
    <ClCompile Include="rpcs3qt\settings.cpp" />
    <ClCompile Include="rpcs3qt\shortcut_dialog.cpp" />
    <ClCompile Include="rpcs3qt\shortcut_handler.cpp" />
    <ClCompile Include="rpcs3qt\shortcut_settings.cpp" />
    <ClCompile Include="rpcs3qt\shortcut_utils.cpp" />
    <ClCompile Include="rpcs3qt\skylander_dialog.cpp" />
    <ClCompile Include="rpcs3qt\system_cmd_dialog.cpp" />
    <ClCompile Include="rpcs3qt\table_item_delegate.cpp" />
    <ClCompile Include="rpcs3qt\tooltips.cpp" />
    <ClCompile Include="rpcs3qt\update_manager.cpp" />
    <ClCompile Include="rpcs3qt\qt_camera_video_sink.cpp" />
    <ClCompile Include="rpcs3qt\uuid.cpp" />
    <ClCompile Include="rpcs3qt\vfs_dialog_path_widget.cpp" />
    <ClCompile Include="rpcs3qt\vfs_dialog_usb_input.cpp" />
    <ClCompile Include="rpcs3qt\vfs_dialog_usb_tab.cpp" />
    <ClCompile Include="rpcs3qt\_discord_utils.cpp" />
    <ClCompile Include="rpcs3qt\find_dialog.cpp" />
    <ClCompile Include="rpcs3qt\game_compatibility.cpp" />
    <ClCompile Include="rpcs3qt\game_list_grid.cpp" />
    <ClCompile Include="rpcs3qt\progress_dialog.cpp" />
    <ClCompile Include="rpcs3qt\qt_utils.cpp" />
    <ClCompile Include="rpcs3qt\syntax_highlighter.cpp" />
    <ClCompile Include="rpcs3qt\save_data_info_dialog.cpp" />
    <ClCompile Include="rpcs3qt\save_manager_dialog.cpp" />
    <ClCompile Include="rpcs3qt\trophy_manager_dialog.cpp" />
    <ClCompile Include="rpcs3qt\trophy_notification_frame.cpp" />
    <ClCompile Include="rpcs3qt\trophy_notification_helper.cpp" />
    <ClCompile Include="rpcs3qt\user_account.cpp" />
    <ClCompile Include="rpcs3qt\user_manager_dialog.cpp" />
    <ClCompile Include="rpcs3qt\vfs_dialog.cpp" />
    <ClCompile Include="rpcs3qt\vfs_dialog_tab.cpp" />
    <ClCompile Include="rpcs3qt\welcome_dialog.cpp" />
    <ClCompile Include="headless_application.cpp" />
    <ClCompile Include="rpcs3qt\auto_pause_settings_dialog.cpp" />
    <ClCompile Include="rpcs3qt\cg_disasm_window.cpp" />
    <ClCompile Include="rpcs3qt\debugger_frame.cpp" />
    <ClCompile Include="rpcs3qt\emu_settings.cpp" />
    <ClCompile Include="rpcs3qt\game_list_frame.cpp" />
    <ClCompile Include="rpcs3qt\gl_gs_frame.cpp" />
    <ClCompile Include="rpcs3qt\gs_frame.cpp" />
    <ClCompile Include="rpcs3qt\gui_settings.cpp" />
    <ClCompile Include="rpcs3qt\instruction_editor_dialog.cpp" />
    <ClCompile Include="rpcs3qt\kernel_explorer.cpp" />
    <ClCompile Include="rpcs3qt\log_frame.cpp" />
    <ClCompile Include="rpcs3qt\main_window.cpp" />
    <ClCompile Include="rpcs3qt\memory_string_searcher.cpp" />
    <ClCompile Include="rpcs3qt\memory_viewer_panel.cpp" />
    <ClCompile Include="rpcs3qt\msg_dialog_frame.cpp" />
    <ClCompile Include="rpcs3qt\pad_settings_dialog.cpp" />
    <ClCompile Include="rpcs3qt\register_editor_dialog.cpp" />
    <ClCompile Include="rpcs3qt\rsx_debugger.cpp" />
    <ClCompile Include="rpcs3qt\save_data_dialog.cpp" />
    <ClCompile Include="rpcs3qt\save_data_list_dialog.cpp" />
    <ClCompile Include="rpcs3qt\settings_dialog.cpp" />
    <ClCompile Include="Input\xinput_pad_handler.cpp" />
  </ItemGroup>
  <ItemGroup>
    <ClInclude Include="Input\basic_keyboard_handler.h" />
    <ClInclude Include="Input\basic_mouse_handler.h" />
    <ClInclude Include="display_sleep_control.h" />
    <ClInclude Include="Input\ds3_pad_handler.h" />
    <ClInclude Include="Input\ds4_pad_handler.h" />
    <ClInclude Include="Input\dualsense_pad_handler.h" />
    <ClInclude Include="Input\evdev_gun_handler.h" />
    <ClInclude Include="Input\evdev_joystick_handler.h" />
    <ClInclude Include="Input\hid_pad_handler.h" />
    <ClInclude Include="Input\keyboard_pad_handler.h" />
    <ClInclude Include="Input\raw_mouse_handler.h" />
    <ClInclude Include="Input\sdl_pad_handler.h" />
    <ClInclude Include="Input\skateboard_pad_handler.h" />
    <ClInclude Include="main_application.h" />
    <ClInclude Include="Input/mm_joystick_handler.h" />
    <ClInclude Include="Input\pad_thread.h" />
    <ClInclude Include="Input\product_info.h" />
    <ClInclude Include="module_verifier.hpp" />
    <ClInclude Include="QTGeneratedFiles\ui_about_dialog.h" />
    <ClInclude Include="QTGeneratedFiles\ui_camera_settings_dialog.h" />
    <ClInclude Include="QTGeneratedFiles\ui_main_window.h" />
    <ClInclude Include="QTGeneratedFiles\ui_pad_led_settings_dialog.h" />
    <ClInclude Include="QTGeneratedFiles\ui_pad_motion_settings_dialog.h" />
    <ClInclude Include="QTGeneratedFiles\ui_pad_settings_dialog.h" />
    <ClInclude Include="QTGeneratedFiles\ui_patch_creator_dialog.h" />
    <ClInclude Include="QTGeneratedFiles\ui_patch_manager_dialog.h" />
    <ClInclude Include="QTGeneratedFiles\ui_settings_dialog.h" />
    <ClInclude Include="QTGeneratedFiles\ui_shortcut_dialog.h" />
    <ClInclude Include="QTGeneratedFiles\ui_welcome_dialog.h" />
    <ClInclude Include="rpcs3qt\breakpoint_handler.h" />
    <ClInclude Include="rpcs3qt\category.h" />
    <ClInclude Include="rpcs3qt\config_adapter.h" />
    <ClInclude Include="rpcs3qt\curl_handle.h" />
    <ClInclude Include="rpcs3qt\custom_dock_widget.h" />
    <ClInclude Include="rpcs3qt\emu_settings_type.h" />
    <ClInclude Include="rpcs3qt\flow_layout.h" />
    <ClInclude Include="rpcs3qt\game_list_delegate.h" />
    <ClInclude Include="rpcs3qt\gui_save.h" />
    <ClInclude Include="rpcs3qt\midi_creator.h" />
    <ClInclude Include="rpcs3qt\movie_item.h" />
    <ClInclude Include="rpcs3qt\movie_item_base.h" />
    <ClInclude Include="rpcs3qt\numbered_widget_item.h" />
    <ClInclude Include="rpcs3qt\pad_device_info.h" />
    <ClInclude Include="rpcs3qt\progress_indicator.h" />
    <ClInclude Include="rpcs3qt\qt_camera_handler.h" />
    <ClInclude Include="rpcs3qt\qt_music_handler.h" />
    <ClInclude Include="rpcs3qt\richtext_item_delegate.h" />
    <ClInclude Include="rpcs3qt\shortcut_utils.h" />
    <ClInclude Include="rpcs3qt\stylesheets.h" />
    <ClInclude Include="rpcs3qt\qt_camera_video_sink.h" />
    <ClInclude Include="rpcs3qt\uuid.h" />
    <ClInclude Include="rpcs3qt\_discord_utils.h" />
    <ClInclude Include="rpcs3qt\custom_table_widget_item.h" />
    <ClInclude Include="resource.h" />
    <ClInclude Include="rpcs3qt\gl_gs_frame.h" />
    <ClInclude Include="rpcs3qt\progress_dialog.h" />
    <ClInclude Include="rpcs3qt\qt_utils.h" />
    <ClInclude Include="rpcs3qt\save_data_dialog.h" />
    <ClInclude Include="rpcs3qt\table_item_delegate.h" />
    <ClInclude Include="rpcs3qt\trophy_notification_helper.h" />
    <ClInclude Include="rpcs3qt\user_account.h" />
    <ClInclude Include="Input\xinput_pad_handler.h" />
    <ClInclude Include="skyslots.h" />
  </ItemGroup>
  <ItemGroup>
    <CustomBuild Include="headless_application.h" />
    <CustomBuild Include="rpcs3qt\gs_frame.h" />
    <CustomBuild Include="rpcs3qt\log_frame.h" />
    <CustomBuild Include="rpcs3qt\main_window.h" />
    <CustomBuild Include="rpcs3qt\pad_settings_dialog.h" />
    <CustomBuild Include="rpcs3qt\pad_led_settings_dialog.h" />
    <CustomBuild Include="rpcs3qt\settings_dialog.h" />
    <CustomBuild Include="rpcs3qt\auto_pause_settings_dialog.h" />
    <CustomBuild Include="rpcs3qt\debugger_frame.h" />
    <CustomBuild Include="rpcs3qt\game_list_frame.h" />
    <CustomBuild Include="rpcs3qt\cg_disasm_window.h" />
    <CustomBuild Include="rpcs3qt\gui_settings.h" />
    <CustomBuild Include="rpcs3qt\kernel_explorer.h" />
    <CustomBuild Include="rpcs3qt\emu_settings.h" />
    <CustomBuild Include="rpcs3qt\game_list_grid.h" />
    <CustomBuild Include="rpcs3qt\about_dialog.h" />
    <CustomBuild Include="rpcs3qt\breakpoint_list.h" />
    <CustomBuild Include="rpcs3qt\call_stack_list.h" />
    <CustomBuild Include="rpcs3qt\custom_dialog.h" />
    <CustomBuild Include="rpcs3qt\cheat_manager.h" />
    <CustomBuild Include="rpcs3qt\camera_settings_dialog.h" />
    <CustomBuild Include="rpcs3qt\config_checker.h" />
    <CustomBuild Include="rpcs3qt\debugger_list.h" />
    <CustomBuild Include="rpcs3qt\input_dialog.h" />
    <CustomBuild Include="rpcs3qt\osk_dialog_frame.h" />
    <CustomBuild Include="rpcs3qt\gui_application.h" />
    <CustomBuild Include="rpcs3qt\pkg_install_dialog.h" />
    <CustomBuild Include="rpcs3qt\settings.h" />
    <CustomBuild Include="rpcs3qt\persistent_settings.h" />
    <CustomBuild Include="rpcs3qt\localized.h" />
    <CustomBuild Include="rpcs3qt\screenshot_manager_dialog.h" />
    <CustomBuild Include="rpcs3qt\screenshot_preview.h" />
    <CustomBuild Include="rpcs3qt\fatal_error_dialog.h" />
    <CustomBuild Include="rpcs3qt\microphone_creator.h" />
    <CustomBuild Include="rpcs3qt\downloader.h" />
    <CustomBuild Include="rpcs3qt\elf_memory_dumping_dialog.h" />
    <CustomBuild Include="rpcs3qt\emulated_pad_settings_dialog.h" />
    <CustomBuild Include="rpcs3qt\render_creator.h" />
    <CustomBuild Include="rpcs3qt\flow_widget.h" />
    <CustomBuild Include="rpcs3qt\game_list_base.h" />
    <CustomBuild Include="rpcs3qt\flow_widget_item.h" />
    <CustomBuild Include="rpcs3qt\game_list_table.h" />
    <CustomBuild Include="rpcs3qt\game_list_grid_item.h" />
    <CustomBuild Include="rpcs3qt\patch_manager_dialog.h" />
    <CustomBuild Include="rpcs3qt\rpcn_settings_dialog.h" />
    <CustomBuild Include="rpcs3qt\localized_emu.h" />
    <CustomBuild Include="rpcs3qt\log_viewer.h" />
    <CustomBuild Include="rpcs3qt\ipc_settings_dialog.h" />
    <CustomBuild Include="rpcs3qt\patch_creator_dialog.h" />
    <CustomBuild Include="rpcs3qt\recvmessage_dialog_frame.h" />
    <CustomBuild Include="rpcs3qt\qt_camera_error_handler.h" />
    <CustomBuild Include="rpcs3qt\pad_motion_settings_dialog.h" />
    <CustomBuild Include="rpcs3qt\qt_music_error_handler.h" />
    <CustomBuild Include="rpcs3qt\sendmessage_dialog_frame.h" />
    <CustomBuild Include="rpcs3qt\shortcut_handler.h" />
    <CustomBuild Include="rpcs3qt\shortcut_settings.h" />
    <CustomBuild Include="rpcs3qt\shortcut_dialog.h" />
    <CustomBuild Include="rpcs3qt\screenshot_item.h" />
    <CustomBuild Include="rpcs3qt\skylander_dialog.h" />
    <CustomBuild Include="rpcs3qt\infinity_dialog.h" />
    <CustomBuild Include="rpcs3qt\update_manager.h" />
    <CustomBuild Include="rpcs3qt\tooltips.h" />
    <CustomBuild Include="rpcs3qt\vfs_dialog_usb_tab.h" />
    <CustomBuild Include="rpcs3qt\vfs_dialog_usb_input.h" />
    <CustomBuild Include="rpcs3qt\vfs_dialog_path_widget.h" />
    <CustomBuild Include="rpcs3qt\system_cmd_dialog.h" />
    <CustomBuild Include="rpcs3qt\find_dialog.h" />
    <CustomBuild Include="rpcs3qt\game_compatibility.h" />
    <CustomBuild Include="rpcs3qt\game_list.h" />
    <CustomBuild Include="rpcs3qt\syntax_highlighter.h" />
    <CustomBuild Include="rpcs3qt\instruction_editor_dialog.h" />
    <CustomBuild Include="rpcs3qt\memory_viewer_panel.h" />
    <CustomBuild Include="rpcs3qt\msg_dialog_frame.h" />
    <CustomBuild Include="rpcs3qt\rsx_debugger.h" />
    <CustomBuild Include="rpcs3qt\save_data_list_dialog.h" />
    <CustomBuild Include="rpcs3qt\register_editor_dialog.h" />
    <CustomBuild Include="rpcs3qt\save_data_info_dialog.h" />
    <CustomBuild Include="rpcs3qt\save_manager_dialog.h" />
    <CustomBuild Include="rpcs3qt\user_manager_dialog.h" />
    <CustomBuild Include="rpcs3qt\welcome_dialog.h" />
    <CustomBuild Include="rpcs3qt\vfs_dialog.h" />
    <CustomBuild Include="rpcs3qt\vfs_dialog_tab.h" />
    <CustomBuild Include="rpcs3qt\trophy_manager_dialog.h" />
    <CustomBuild Include="rpcs3qt\trophy_notification_frame.h" />
    <CustomBuild Include="debug\moc_predefs.h.cbt" />
    <CustomBuild Include="release\moc_predefs.h.cbt" />
    <CustomBuild Include="resources.qrc" />
    <CustomBuild Include="rpcs3qt\about_dialog.ui" />
    <CustomBuild Include="rpcs3qt\main_window.ui" />
    <CustomBuild Include="rpcs3qt\pad_settings_dialog.ui" />
    <CustomBuild Include="rpcs3qt\settings_dialog.ui" />
    <CustomBuild Include="rpcs3qt\welcome_dialog.ui" />
    <CustomBuild Include="windows.qrc" />
    <CustomBuild Include="rpcs3qt\pad_led_settings_dialog.ui" />
    <CustomBuild Include="rpcs3qt\patch_manager_dialog.ui" />
    <CustomBuild Include="rpcs3qt\patch_creator_dialog.ui" />
    <CustomBuild Include="rpcs3qt\camera_settings_dialog.ui" />
    <CustomBuild Include="rpcs3qt\pad_motion_settings_dialog.ui" />
    <CustomBuild Include="rpcs3qt\shortcut_dialog.ui" />
  </ItemGroup>
  <ItemGroup>
    <ResourceCompile Include="rpcs3.rc" />
  </ItemGroup>
  <ItemGroup>
    <Image Include="rpcs3.ico" />
  </ItemGroup>
  <ItemGroup>
    <None Include="..\.cirrus.yml" />
    <None Include="..\.ci\build-freebsd.sh" />
    <None Include="..\.ci\build-linux.sh" />
    <None Include="..\.ci\build-mac.sh" />
    <None Include="..\.ci\deploy-linux.sh" />
    <None Include="..\.ci\deploy-mac.sh" />
    <None Include="..\.ci\deploy-windows.sh" />
    <None Include="..\.ci\export-azure-vars.sh" />
    <None Include="..\.ci\export-cirrus-vars.sh" />
    <None Include="..\.ci\get_keys-windows.sh" />
    <None Include="..\.ci\github-upload.sh" />
    <None Include="..\.ci\install-freebsd.sh" />
    <None Include="..\.ci\setup-windows.sh" />
    <None Include="..\azure-pipelines.yml" />
    <None Include="..\bin\GuiConfigs\Classic (Bright).qss" />
    <None Include="..\bin\GuiConfigs\Darker Style by TheMitoSan.qss" />
    <None Include="..\bin\GuiConfigs\Envy.qss" />
    <None Include="..\bin\GuiConfigs\Kuroi (Dark) by Ani.qss" />
    <None Include="..\bin\GuiConfigs\ModernBlue Theme by TheMitoSan.qss" />
    <None Include="..\bin\GuiConfigs\Nekotekina by GooseWing.qss" />
    <None Include="..\bin\GuiConfigs\Skyline (Nightfall).qss" />
    <None Include="..\bin\GuiConfigs\Skyline.qss" />
    <None Include="..\bin\GuiConfigs\YoRHa by Ani.qss" />
    <None Include="..\Utilities\git-version-gen.cmd" />
    <None Include="update_helper.sh" />
  </ItemGroup>
</Project>